<?xml version="1.0" encoding="utf-8"?>
<Project ToolsVersion="4.0" xmlns="http://schemas.microsoft.com/developer/msbuild/2003">
  <ItemGroup>
    <Filter Include="Source Files">
      <UniqueIdentifier>{4FC737F1-C7A5-4376-A066-2A32D752A2FF}</UniqueIdentifier>
      <Extensions>cpp;c;cc;cxx;c++;cppm;ixx;def;odl;idl;hpj;bat;asm;asmx</Extensions>
    </Filter>
    <Filter Include="Header Files">
      <UniqueIdentifier>{93995380-89BD-4b04-88EB-625FBE52EBFB}</UniqueIdentifier>
      <Extensions>h;hh;hpp;hxx;h++;hm;inl;inc;ipp;xsd</Extensions>
    </Filter>
    <Filter Include="Header Files\imgui">
      <UniqueIdentifier>{c4ac875b-537d-4f4b-835a-cdc02ea70eb2}</UniqueIdentifier>
    </Filter>
    <Filter Include="Shader FIles">
      <UniqueIdentifier>{026b4f0f-62a1-45ac-8fac-9c43fdccdd43}</UniqueIdentifier>
    </Filter>
    <Filter Include="Source Files\Menu">
      <UniqueIdentifier>{9a91ba23-58e6-4189-926f-302670a7dfde}</UniqueIdentifier>
    </Filter>
    <Filter Include="Header Files\Boids Engine">
      <UniqueIdentifier>{f9f121b3-f6ec-475c-9a20-670282321f6d}</UniqueIdentifier>
    </Filter>
    <Filter Include="Header Files\Menu">
      <UniqueIdentifier>{5232c1ec-33e3-45dd-90b3-8da48acdbe0c}</UniqueIdentifier>
    </Filter>
    <Filter Include="Source Files\Boids Enging">
      <UniqueIdentifier>{f0a8bdf0-7636-48fa-b45a-377ecb9e180d}</UniqueIdentifier>
    </Filter>
  </ItemGroup>
  <ItemGroup>
    <ClInclude Include="BoidsDrawer.cu">
      <Filter>Source Files</Filter>
    </ClInclude>
    <ClInclude Include="..\Dependencies\include\imgui\imconfig.h">
      <Filter>Header Files\imgui</Filter>
    </ClInclude>
    <ClInclude Include="..\Dependencies\include\imgui\imgui.h">
      <Filter>Header Files\imgui</Filter>
    </ClInclude>
    <ClInclude Include="..\Dependencies\include\imgui\imgui_internal.h">
      <Filter>Header Files\imgui</Filter>
    </ClInclude>
    <ClInclude Include="..\Dependencies\include\imgui\imstb_rectpack.h">
      <Filter>Header Files\imgui</Filter>
    </ClInclude>
    <ClInclude Include="..\Dependencies\include\imgui\imstb_textedit.h">
      <Filter>Header Files\imgui</Filter>
    </ClInclude>
    <ClInclude Include="..\Dependencies\include\imgui\imstb_truetype.h">
      <Filter>Header Files\imgui</Filter>
    </ClInclude>
    <ClInclude Include="..\Dependencies\include\imgui\backends\imgui_impl_glfw.h">
      <Filter>Header Files\imgui</Filter>
    </ClInclude>
    <ClInclude Include="..\Dependencies\include\imgui\backends\imgui_impl_opengl3.h">
      <Filter>Header Files\imgui</Filter>
    </ClInclude>
    <ClInclude Include="shaders_box.h">
      <Filter>Shader FIles</Filter>
    </ClInclude>
    <ClInclude Include="shaders_core.h">
      <Filter>Shader FIles</Filter>
    </ClInclude>
    <ClInclude Include="Model.h">
      <Filter>Header Files</Filter>
    </ClInclude>
    <ClInclude Include="BoidsEngine.h">
      <Filter>Header Files\Boids Engine</Filter>
    </ClInclude>
    <ClInclude Include="BoidsEngine_GPU_SH.cuh">
      <Filter>Header Files\Boids Engine</Filter>
    </ClInclude>
    <ClInclude Include="BoidsEngine_CPU_P.h">
      <Filter>Header Files\Boids Engine</Filter>
    </ClInclude>
    <ClInclude Include="BoidsEngine_CPU.h">
      <Filter>Header Files\Boids Engine</Filter>
    </ClInclude>
    <ClInclude Include="BoidsEngine_CPU_TEST.h">
      <Filter>Header Files\Boids Engine</Filter>
    </ClInclude>
    <ClInclude Include="BoidsDrawer.h">
      <Filter>Header Files</Filter>
    </ClInclude>
    <ClInclude Include="Menu.h">
      <Filter>Header Files\Menu</Filter>
    </ClInclude>
    <ClInclude Include="ProgressBar.h">
      <Filter>Header Files\Menu</Filter>
    </ClInclude>
  </ItemGroup>
  <ItemGroup>
    <ClCompile Include="BoidsModel.cpp">
      <Filter>Source Files</Filter>
    </ClCompile>
    <ClCompile Include="BoxModel.cpp">
      <Filter>Source Files</Filter>
    </ClCompile>
    <ClCompile Include="Camera.cpp">
      <Filter>Source Files</Filter>
    </ClCompile>
    <ClCompile Include="Shader.cpp">
      <Filter>Source Files</Filter>
    </ClCompile>
    <ClCompile Include="..\Dependencies\include\imgui\imgui.cpp">
      <Filter>Header Files\imgui</Filter>
    </ClCompile>
    <ClCompile Include="..\Dependencies\include\imgui\imgui_demo.cpp">
      <Filter>Header Files\imgui</Filter>
    </ClCompile>
    <ClCompile Include="..\Dependencies\include\imgui\imgui_draw.cpp">
      <Filter>Header Files\imgui</Filter>
    </ClCompile>
    <ClCompile Include="..\Dependencies\include\imgui\imgui_tables.cpp">
      <Filter>Header Files\imgui</Filter>
    </ClCompile>
    <ClCompile Include="..\Dependencies\include\imgui\imgui_widgets.cpp">
      <Filter>Header Files\imgui</Filter>
    </ClCompile>
    <ClCompile Include="..\Dependencies\include\imgui\backends\imgui_impl_glfw.cpp">
      <Filter>Header Files\imgui</Filter>
    </ClCompile>
    <ClCompile Include="..\Dependencies\include\imgui\backends\imgui_impl_opengl3.cpp">
      <Filter>Header Files\imgui</Filter>
    </ClCompile>
    <ClCompile Include="ProgressBar.cpp">
      <Filter>Source Files\Menu</Filter>
    </ClCompile>
    <ClCompile Include="Benchmark.cpp">
      <Filter>Source Files\Menu</Filter>
    </ClCompile>
    <ClCompile Include="BoidsEngine_CPU.cpp">
      <Filter>Source Files\Boids Enging</Filter>
    </ClCompile>
    <ClCompile Include="BoidsEngine_CPU_P.cpp">
      <Filter>Source Files\Boids Enging</Filter>
    </ClCompile>
    <ClCompile Include="BoidsEngine_CPU_TEST.cpp">
      <Filter>Source Files\Boids Enging</Filter>
    </ClCompile>
  </ItemGroup>
  <ItemGroup>
    <CudaCompile Include="main.cpp">
      <Filter>Source Files</Filter>
    </CudaCompile>
    <CudaCompile Include="Menu.cpp">
      <Filter>Source Files\Menu</Filter>
    </CudaCompile>
    <CudaCompile Include="BoidsEngine_GPU_SH.cu">
      <Filter>Source Files\Boids Enging</Filter>
    </CudaCompile>
  </ItemGroup>
</Project>